
Microsoft Visual Studio Solution File, Format Version 12.00
# Visual Studio Version 16
VisualStudioVersion = 16.0.30517.126
MinimumVisualStudioVersion = 10.0.40219.1
Project("{9A19103F-16F7-4668-BE54-9A1E7A4F7556}") = "Client.Console", "samples\ClientServer\Client\Client.Console\Client.Console.csproj", "{CCB7635D-7D0F-4371-AC14-828E208790AF}"
EndProject
Project("{2150E333-8FDC-42A3-9474-1A3956D46DE8}") = "src", "src", "{4DDE2573-8947-4348-95B4-688102A8294D}"
EndProject
Project("{9A19103F-16F7-4668-BE54-9A1E7A4F7556}") = "AnonymousTokens.Client", "src\AnonymousTokens.Client\AnonymousTokens.Client.csproj", "{D98EB88A-9922-4AA5-8C97-6206C7196CD5}"
EndProject
Project("{9A19103F-16F7-4668-BE54-9A1E7A4F7556}") = "Server.Token.Api", "samples\ClientServer\Server\Server.Token.Api\Server.Token.Api.csproj", "{E691A98B-3EBC-4AE7-8858-67601E805909}"
EndProject
Project("{2150E333-8FDC-42A3-9474-1A3956D46DE8}") = "test", "test", "{4FB09123-E5E6-4367-BEDD-FF3D9906A2BA}"
EndProject
Project("{9A19103F-16F7-4668-BE54-9A1E7A4F7556}") = "AnonymousTokens.UnitTests", "test\AnonymousTokens.UnitTests\AnonymousTokens.UnitTests.csproj", "{E24CF8EE-6D9B-49AC-92A5-EB1F81FDAAA2}"
EndProject
Project("{2150E333-8FDC-42A3-9474-1A3956D46DE8}") = "samples", "samples", "{645EAD64-C3E7-41AA-B7E4-E423DFFCEEDF}"
EndProject
Project("{2150E333-8FDC-42A3-9474-1A3956D46DE8}") = "ClientServer", "ClientServer", "{017DB04E-CA83-4400-90FD-4CA10428EC51}"
EndProject
Project("{2150E333-8FDC-42A3-9474-1A3956D46DE8}") = "Solution Items", "Solution Items", "{2969E75A-CD07-49C8-8740-9273B0C807C6}"
	ProjectSection(SolutionItems) = preProject
		.editorconfig = .editorconfig
		.github\workflows\CI.yml = .github\workflows\CI.yml
		.github\workflows\codeql-analysis.yml = .github\workflows\codeql-analysis.yml
		.github\dependabot.yml = .github\dependabot.yml
		src\Directory.Build.props = src\Directory.Build.props
		readme.md = readme.md
		.github\workflows\Release.yml = .github\workflows\Release.yml
	EndProjectSection
EndProject
Project("{9A19103F-16F7-4668-BE54-9A1E7A4F7556}") = "AnonymousTokens.Server", "src\AnonymousTokens.Server\AnonymousTokens.Server.csproj", "{EF827382-7F6E-4230-A917-9D11415ECAD6}"
EndProject
Project("{9A19103F-16F7-4668-BE54-9A1E7A4F7556}") = "AnonymousTokens", "src\AnonymousTokens\AnonymousTokens.csproj", "{EAD6EEA6-8866-4D23-BCE0-891AEE53BE98}"
EndProject
Project("{FAE04EC0-301F-11D3-BF4B-00C04F79EFBC}") = "AnonymousTokens.Benchmarks", "test\AnonymousTokens.Benchmarks\AnonymousTokens.Benchmarks.csproj", "{FE1684A8-5257-48B5-A067-836D75831D15}"
EndProject
Global
	GlobalSection(SolutionConfigurationPlatforms) = preSolution
		Debug|Any CPU = Debug|Any CPU
		Release|Any CPU = Release|Any CPU
	EndGlobalSection
	GlobalSection(ProjectConfigurationPlatforms) = postSolution
		{CCB7635D-7D0F-4371-AC14-828E208790AF}.Debug|Any CPU.ActiveCfg = Debug|Any CPU
		{CCB7635D-7D0F-4371-AC14-828E208790AF}.Debug|Any CPU.Build.0 = Debug|Any CPU
		{CCB7635D-7D0F-4371-AC14-828E208790AF}.Release|Any CPU.ActiveCfg = Release|Any CPU
		{CCB7635D-7D0F-4371-AC14-828E208790AF}.Release|Any CPU.Build.0 = Release|Any CPU
		{D98EB88A-9922-4AA5-8C97-6206C7196CD5}.Debug|Any CPU.ActiveCfg = Debug|Any CPU
		{D98EB88A-9922-4AA5-8C97-6206C7196CD5}.Debug|Any CPU.Build.0 = Debug|Any CPU
		{D98EB88A-9922-4AA5-8C97-6206C7196CD5}.Release|Any CPU.ActiveCfg = Release|Any CPU
		{D98EB88A-9922-4AA5-8C97-6206C7196CD5}.Release|Any CPU.Build.0 = Release|Any CPU
		{E691A98B-3EBC-4AE7-8858-67601E805909}.Debug|Any CPU.ActiveCfg = Debug|Any CPU
		{E691A98B-3EBC-4AE7-8858-67601E805909}.Debug|Any CPU.Build.0 = Debug|Any CPU
		{E691A98B-3EBC-4AE7-8858-67601E805909}.Release|Any CPU.ActiveCfg = Release|Any CPU
		{E691A98B-3EBC-4AE7-8858-67601E805909}.Release|Any CPU.Build.0 = Release|Any CPU
		{E24CF8EE-6D9B-49AC-92A5-EB1F81FDAAA2}.Debug|Any CPU.ActiveCfg = Debug|Any CPU
		{E24CF8EE-6D9B-49AC-92A5-EB1F81FDAAA2}.Debug|Any CPU.Build.0 = Debug|Any CPU
		{E24CF8EE-6D9B-49AC-92A5-EB1F81FDAAA2}.Release|Any CPU.ActiveCfg = Release|Any CPU
		{E24CF8EE-6D9B-49AC-92A5-EB1F81FDAAA2}.Release|Any CPU.Build.0 = Release|Any CPU
		{EF827382-7F6E-4230-A917-9D11415ECAD6}.Debug|Any CPU.ActiveCfg = Debug|Any CPU
		{EF827382-7F6E-4230-A917-9D11415ECAD6}.Debug|Any CPU.Build.0 = Debug|Any CPU
		{EF827382-7F6E-4230-A917-9D11415ECAD6}.Release|Any CPU.ActiveCfg = Release|Any CPU
		{EF827382-7F6E-4230-A917-9D11415ECAD6}.Release|Any CPU.Build.0 = Release|Any CPU
		{EAD6EEA6-8866-4D23-BCE0-891AEE53BE98}.Debug|Any CPU.ActiveCfg = Debug|Any CPU
		{EAD6EEA6-8866-4D23-BCE0-891AEE53BE98}.Debug|Any CPU.Build.0 = Debug|Any CPU
		{EAD6EEA6-8866-4D23-BCE0-891AEE53BE98}.Release|Any CPU.ActiveCfg = Release|Any CPU
		{EAD6EEA6-8866-4D23-BCE0-891AEE53BE98}.Release|Any CPU.Build.0 = Release|Any CPU
		{FE1684A8-5257-48B5-A067-836D75831D15}.Debug|Any CPU.ActiveCfg = Debug|Any CPU
		{FE1684A8-5257-48B5-A067-836D75831D15}.Debug|Any CPU.Build.0 = Debug|Any CPU
		{FE1684A8-5257-48B5-A067-836D75831D15}.Release|Any CPU.ActiveCfg = Release|Any CPU
		{FE1684A8-5257-48B5-A067-836D75831D15}.Release|Any CPU.Build.0 = Release|Any CPU
	EndGlobalSection
	GlobalSection(SolutionProperties) = preSolution
		HideSolutionNode = FALSE
	EndGlobalSection
	GlobalSection(NestedProjects) = preSolution
		{CCB7635D-7D0F-4371-AC14-828E208790AF} = {017DB04E-CA83-4400-90FD-4CA10428EC51}
		{D98EB88A-9922-4AA5-8C97-6206C7196CD5} = {4DDE2573-8947-4348-95B4-688102A8294D}
		{E691A98B-3EBC-4AE7-8858-67601E805909} = {017DB04E-CA83-4400-90FD-4CA10428EC51}
		{A4143A14-789E-4AD0-BAD9-BF5B32E24EC7} = {017DB04E-CA83-4400-90FD-4CA10428EC51}
		{E24CF8EE-6D9B-49AC-92A5-EB1F81FDAAA2} = {4FB09123-E5E6-4367-BEDD-FF3D9906A2BA}
		{017DB04E-CA83-4400-90FD-4CA10428EC51} = {645EAD64-C3E7-41AA-B7E4-E423DFFCEEDF}
		{EF827382-7F6E-4230-A917-9D11415ECAD6} = {4DDE2573-8947-4348-95B4-688102A8294D}
		{EAD6EEA6-8866-4D23-BCE0-891AEE53BE98} = {4DDE2573-8947-4348-95B4-688102A8294D}
		{FE1684A8-5257-48B5-A067-836D75831D15} = {4FB09123-E5E6-4367-BEDD-FF3D9906A2BA}
	EndGlobalSection
	GlobalSection(ExtensibilityGlobals) = postSolution
		SolutionGuid = {EC41792F-67C9-4BD6-B598-E3E2ECDD924C}
	EndGlobalSection
EndGlobal
