
Microsoft Visual Studio Solution File, Format Version 12.00
# Visual Studio Version 16
VisualStudioVersion = 16.0.30517.126
MinimumVisualStudioVersion = 10.0.40219.1
Project("{9A19103F-16F7-4668-BE54-9A1E7A4F7556}") = "Client.Console", "src\Client\Client.Console\Client.Console.csproj", "{CCB7635D-7D0F-4371-AC14-828E208790AF}"
EndProject
Project("{2150E333-8FDC-42A3-9474-1A3956D46DE8}") = "Client-side", "Client-side", "{E4DAF051-5F2C-458A-8AD3-2E0B1E7D3C52}"
EndProject
Project("{2150E333-8FDC-42A3-9474-1A3956D46DE8}") = "Server-side", "Server-side", "{FC4D5FE2-898D-4C67-8094-FDB6E71247CD}"
EndProject
Project("{2150E333-8FDC-42A3-9474-1A3956D46DE8}") = "Library", "Library", "{4DDE2573-8947-4348-95B4-688102A8294D}"
EndProject
Project("{9A19103F-16F7-4668-BE54-9A1E7A4F7556}") = "AnonymousTokensShared", "src\Shared\AnonymousTokensShared\AnonymousTokensShared.csproj", "{D98EB88A-9922-4AA5-8C97-6206C7196CD5}"
EndProject
Project("{FAE04EC0-301F-11D3-BF4B-00C04F79EFBC}") = "Server.Backend", "src\Server\Backend\Server.Backend\Server.Backend.csproj", "{E691A98B-3EBC-4AE7-8858-67601E805909}"
EndProject
Global
	GlobalSection(SolutionConfigurationPlatforms) = preSolution
		Debug|Any CPU = Debug|Any CPU
		Release|Any CPU = Release|Any CPU
	EndGlobalSection
	GlobalSection(ProjectConfigurationPlatforms) = postSolution
		{CCB7635D-7D0F-4371-AC14-828E208790AF}.Debug|Any CPU.ActiveCfg = Debug|Any CPU
		{CCB7635D-7D0F-4371-AC14-828E208790AF}.Debug|Any CPU.Build.0 = Debug|Any CPU
		{CCB7635D-7D0F-4371-AC14-828E208790AF}.Release|Any CPU.ActiveCfg = Release|Any CPU
		{CCB7635D-7D0F-4371-AC14-828E208790AF}.Release|Any CPU.Build.0 = Release|Any CPU
		{D98EB88A-9922-4AA5-8C97-6206C7196CD5}.Debug|Any CPU.ActiveCfg = Debug|Any CPU
		{D98EB88A-9922-4AA5-8C97-6206C7196CD5}.Debug|Any CPU.Build.0 = Debug|Any CPU
		{D98EB88A-9922-4AA5-8C97-6206C7196CD5}.Release|Any CPU.ActiveCfg = Release|Any CPU
		{D98EB88A-9922-4AA5-8C97-6206C7196CD5}.Release|Any CPU.Build.0 = Release|Any CPU
		{E691A98B-3EBC-4AE7-8858-67601E805909}.Debug|Any CPU.ActiveCfg = Debug|Any CPU
		{E691A98B-3EBC-4AE7-8858-67601E805909}.Debug|Any CPU.Build.0 = Debug|Any CPU
		{E691A98B-3EBC-4AE7-8858-67601E805909}.Release|Any CPU.ActiveCfg = Release|Any CPU
		{E691A98B-3EBC-4AE7-8858-67601E805909}.Release|Any CPU.Build.0 = Release|Any CPU
	EndGlobalSection
	GlobalSection(SolutionProperties) = preSolution
		HideSolutionNode = FALSE
	EndGlobalSection
	GlobalSection(NestedProjects) = preSolution
		{CCB7635D-7D0F-4371-AC14-828E208790AF} = {E4DAF051-5F2C-458A-8AD3-2E0B1E7D3C52}
		{D98EB88A-9922-4AA5-8C97-6206C7196CD5} = {4DDE2573-8947-4348-95B4-688102A8294D}
		{E691A98B-3EBC-4AE7-8858-67601E805909} = {FC4D5FE2-898D-4C67-8094-FDB6E71247CD}
	EndGlobalSection
	GlobalSection(ExtensibilityGlobals) = postSolution
		SolutionGuid = {EC41792F-67C9-4BD6-B598-E3E2ECDD924C}
	EndGlobalSection
EndGlobal
