
Microsoft Visual Studio Solution File, Format Version 12.00
# Visual Studio Version 16
VisualStudioVersion = 16.0.30517.126
MinimumVisualStudioVersion = 10.0.40219.1
Project("{9A19103F-16F7-4668-BE54-9A1E7A4F7556}") = "Client.Console", "samples\ClientServer\Client\Client.Console\Client.Console.csproj", "{CCB7635D-7D0F-4371-AC14-828E208790AF}"
EndProject
Project("{2150E333-8FDC-42A3-9474-1A3956D46DE8}") = "Client-side", "Client-side", "{E4DAF051-5F2C-458A-8AD3-2E0B1E7D3C52}"
EndProject
Project("{2150E333-8FDC-42A3-9474-1A3956D46DE8}") = "Server-side", "Server-side", "{FC4D5FE2-898D-4C67-8094-FDB6E71247CD}"
EndProject
Project("{2150E333-8FDC-42A3-9474-1A3956D46DE8}") = "src", "src", "{4DDE2573-8947-4348-95B4-688102A8294D}"
EndProject
Project("{9A19103F-16F7-4668-BE54-9A1E7A4F7556}") = "AnonymousTokens", "src\AnonymousTokens\AnonymousTokens.csproj", "{D98EB88A-9922-4AA5-8C97-6206C7196CD5}"
EndProject
Project("{9A19103F-16F7-4668-BE54-9A1E7A4F7556}") = "Server.TokenGeneration.Api", "samples\ClientServer\Server\Server.TokenGeneration.Api\Server.TokenGeneration.Api.csproj", "{E691A98B-3EBC-4AE7-8858-67601E805909}"
EndProject
Project("{9A19103F-16F7-4668-BE54-9A1E7A4F7556}") = "Server.TokenVerification.Api", "samples\ClientServer\Server\Server.TokenVerification.Api\Server.TokenVerification.Api.csproj", "{A4143A14-789E-4AD0-BAD9-BF5B32E24EC7}"
EndProject
Project("{2150E333-8FDC-42A3-9474-1A3956D46DE8}") = "test", "test", "{4FB09123-E5E6-4367-BEDD-FF3D9906A2BA}"
EndProject
Project("{9A19103F-16F7-4668-BE54-9A1E7A4F7556}") = "AnonymousTokens.UnitTests", "test\AnonymousTokens.UnitTests\AnonymousTokens.UnitTests.csproj", "{E24CF8EE-6D9B-49AC-92A5-EB1F81FDAAA2}"
EndProject
Project("{2150E333-8FDC-42A3-9474-1A3956D46DE8}") = "samples", "samples", "{645EAD64-C3E7-41AA-B7E4-E423DFFCEEDF}"
EndProject
Project("{2150E333-8FDC-42A3-9474-1A3956D46DE8}") = "ClientServer", "ClientServer", "{017DB04E-CA83-4400-90FD-4CA10428EC51}"
EndProject
Project("{2150E333-8FDC-42A3-9474-1A3956D46DE8}") = "Solution Items", "Solution Items", "{2969E75A-CD07-49C8-8740-9273B0C807C6}"
	ProjectSection(SolutionItems) = preProject
		.editorconfig = .editorconfig
		.github\workflows\CI.yml = .github\workflows\CI.yml
		.github\workflows\codeql-analysis.yml = .github\workflows\codeql-analysis.yml
		.github\dependabot.yml = .github\dependabot.yml
		Directory.Build.props = Directory.Build.props
		readme.md = readme.md
		.github\workflows\Release.yml = .github\workflows\Release.yml
	EndProjectSection
EndProject
Global
	GlobalSection(SolutionConfigurationPlatforms) = preSolution
		Debug|Any CPU = Debug|Any CPU
		Release|Any CPU = Release|Any CPU
	EndGlobalSection
	GlobalSection(ProjectConfigurationPlatforms) = postSolution
		{CCB7635D-7D0F-4371-AC14-828E208790AF}.Debug|Any CPU.ActiveCfg = Debug|Any CPU
		{CCB7635D-7D0F-4371-AC14-828E208790AF}.Debug|Any CPU.Build.0 = Debug|Any CPU
		{CCB7635D-7D0F-4371-AC14-828E208790AF}.Release|Any CPU.ActiveCfg = Release|Any CPU
		{CCB7635D-7D0F-4371-AC14-828E208790AF}.Release|Any CPU.Build.0 = Release|Any CPU
		{D98EB88A-9922-4AA5-8C97-6206C7196CD5}.Debug|Any CPU.ActiveCfg = Debug|Any CPU
		{D98EB88A-9922-4AA5-8C97-6206C7196CD5}.Debug|Any CPU.Build.0 = Debug|Any CPU
		{D98EB88A-9922-4AA5-8C97-6206C7196CD5}.Release|Any CPU.ActiveCfg = Release|Any CPU
		{D98EB88A-9922-4AA5-8C97-6206C7196CD5}.Release|Any CPU.Build.0 = Release|Any CPU
		{E691A98B-3EBC-4AE7-8858-67601E805909}.Debug|Any CPU.ActiveCfg = Debug|Any CPU
		{E691A98B-3EBC-4AE7-8858-67601E805909}.Debug|Any CPU.Build.0 = Debug|Any CPU
		{E691A98B-3EBC-4AE7-8858-67601E805909}.Release|Any CPU.ActiveCfg = Release|Any CPU
		{E691A98B-3EBC-4AE7-8858-67601E805909}.Release|Any CPU.Build.0 = Release|Any CPU
		{A4143A14-789E-4AD0-BAD9-BF5B32E24EC7}.Debug|Any CPU.ActiveCfg = Debug|Any CPU
		{A4143A14-789E-4AD0-BAD9-BF5B32E24EC7}.Debug|Any CPU.Build.0 = Debug|Any CPU
		{A4143A14-789E-4AD0-BAD9-BF5B32E24EC7}.Release|Any CPU.ActiveCfg = Release|Any CPU
		{A4143A14-789E-4AD0-BAD9-BF5B32E24EC7}.Release|Any CPU.Build.0 = Release|Any CPU
		{E24CF8EE-6D9B-49AC-92A5-EB1F81FDAAA2}.Debug|Any CPU.ActiveCfg = Debug|Any CPU
		{E24CF8EE-6D9B-49AC-92A5-EB1F81FDAAA2}.Debug|Any CPU.Build.0 = Debug|Any CPU
		{E24CF8EE-6D9B-49AC-92A5-EB1F81FDAAA2}.Release|Any CPU.ActiveCfg = Release|Any CPU
		{E24CF8EE-6D9B-49AC-92A5-EB1F81FDAAA2}.Release|Any CPU.Build.0 = Release|Any CPU
	EndGlobalSection
	GlobalSection(SolutionProperties) = preSolution
		HideSolutionNode = FALSE
	EndGlobalSection
	GlobalSection(NestedProjects) = preSolution
		{CCB7635D-7D0F-4371-AC14-828E208790AF} = {E4DAF051-5F2C-458A-8AD3-2E0B1E7D3C52}
		{E4DAF051-5F2C-458A-8AD3-2E0B1E7D3C52} = {017DB04E-CA83-4400-90FD-4CA10428EC51}
		{FC4D5FE2-898D-4C67-8094-FDB6E71247CD} = {017DB04E-CA83-4400-90FD-4CA10428EC51}
		{D98EB88A-9922-4AA5-8C97-6206C7196CD5} = {4DDE2573-8947-4348-95B4-688102A8294D}
		{E691A98B-3EBC-4AE7-8858-67601E805909} = {FC4D5FE2-898D-4C67-8094-FDB6E71247CD}
		{A4143A14-789E-4AD0-BAD9-BF5B32E24EC7} = {FC4D5FE2-898D-4C67-8094-FDB6E71247CD}
		{E24CF8EE-6D9B-49AC-92A5-EB1F81FDAAA2} = {4FB09123-E5E6-4367-BEDD-FF3D9906A2BA}
		{017DB04E-CA83-4400-90FD-4CA10428EC51} = {645EAD64-C3E7-41AA-B7E4-E423DFFCEEDF}
	EndGlobalSection
	GlobalSection(ExtensibilityGlobals) = postSolution
		SolutionGuid = {EC41792F-67C9-4BD6-B598-E3E2ECDD924C}
	EndGlobalSection
EndGlobal
